
Microsoft Visual Studio Solution File, Format Version 12.00
# Visual Studio Version 16
VisualStudioVersion = 16.0.31729.503
MinimumVisualStudioVersion = 10.0.40219.1
Project("{FAE04EC0-301F-11D3-BF4B-00C04F79EFBC}") = "Onenote2md.Core", "Onenote2md.Core.csproj", "{5B6BA0DA-3C84-4E2B-A8E4-89EAFF50E2F8}"
EndProject
Global
	GlobalSection(SolutionConfigurationPlatforms) = preSolution
		Debug|Any CPU = Debug|Any CPU
		Release|Any CPU = Release|Any CPU
	EndGlobalSection
	GlobalSection(ProjectConfigurationPlatforms) = postSolution
		{5B6BA0DA-3C84-4E2B-A8E4-89EAFF50E2F8}.Debug|Any CPU.ActiveCfg = Debug|Any CPU
		{5B6BA0DA-3C84-4E2B-A8E4-89EAFF50E2F8}.Debug|Any CPU.Build.0 = Debug|Any CPU
		{5B6BA0DA-3C84-4E2B-A8E4-89EAFF50E2F8}.Release|Any CPU.ActiveCfg = Release|Any CPU
		{5B6BA0DA-3C84-4E2B-A8E4-89EAFF50E2F8}.Release|Any CPU.Build.0 = Release|Any CPU
	EndGlobalSection
	GlobalSection(SolutionProperties) = preSolution
		HideSolutionNode = FALSE
	EndGlobalSection
	GlobalSection(ExtensibilityGlobals) = postSolution
		SolutionGuid = {F5E48BF3-3E78-4525-B0EF-E9CB5BD1997A}
	EndGlobalSection
EndGlobal
