
Microsoft Visual Studio Solution File, Format Version 12.00
# Visual Studio Version 16
VisualStudioVersion = 16.0.31702.278
MinimumVisualStudioVersion = 10.0.40219.1
Project("{FAE04EC0-301F-11D3-BF4B-00C04F79EFBC}") = "Onenote2md.Cmd", "Onenote2md.Cmd.csproj", "{FAD90F91-5AF6-4AF1-BC01-6B8CBA901017}"
EndProject
Global
	GlobalSection(SolutionConfigurationPlatforms) = preSolution
		Debug|Any CPU = Debug|Any CPU
		Release|Any CPU = Release|Any CPU
	EndGlobalSection
	GlobalSection(ProjectConfigurationPlatforms) = postSolution
		{FAD90F91-5AF6-4AF1-BC01-6B8CBA901017}.Debug|Any CPU.ActiveCfg = Debug|Any CPU
		{FAD90F91-5AF6-4AF1-BC01-6B8CBA901017}.Debug|Any CPU.Build.0 = Debug|Any CPU
		{FAD90F91-5AF6-4AF1-BC01-6B8CBA901017}.Release|Any CPU.ActiveCfg = Release|Any CPU
		{FAD90F91-5AF6-4AF1-BC01-6B8CBA901017}.Release|Any CPU.Build.0 = Release|Any CPU
	EndGlobalSection
	GlobalSection(SolutionProperties) = preSolution
		HideSolutionNode = FALSE
	EndGlobalSection
	GlobalSection(ExtensibilityGlobals) = postSolution
		SolutionGuid = {F0639423-7C57-4A55-ADA4-E6FA7A7EF507}
	EndGlobalSection
EndGlobal
